
Microsoft Visual Studio Solution File, Format Version 12.00
# Visual Studio Version 17
VisualStudioVersion = 17.7.34031.279
MinimumVisualStudioVersion = 10.0.40219.1
Project("{8BC9CEB8-8B4A-11D0-8D11-00A0C91BC942}") = "HoneWork2_3", "HoneWork2_3\HoneWork2_3.vcxproj", "{8D4DCF18-8FFA-44B3-89BD-0BA8E9672FA7}"
EndProject
Global
	GlobalSection(SolutionConfigurationPlatforms) = preSolution
		Debug|x64 = Debug|x64
		Debug|x86 = Debug|x86
		Release|x64 = Release|x64
		Release|x86 = Release|x86
	EndGlobalSection
	GlobalSection(ProjectConfigurationPlatforms) = postSolution
		{8D4DCF18-8FFA-44B3-89BD-0BA8E9672FA7}.Debug|x64.ActiveCfg = Debug|x64
		{8D4DCF18-8FFA-44B3-89BD-0BA8E9672FA7}.Debug|x64.Build.0 = Debug|x64
		{8D4DCF18-8FFA-44B3-89BD-0BA8E9672FA7}.Debug|x86.ActiveCfg = Debug|Win32
		{8D4DCF18-8FFA-44B3-89BD-0BA8E9672FA7}.Debug|x86.Build.0 = Debug|Win32
		{8D4DCF18-8FFA-44B3-89BD-0BA8E9672FA7}.Release|x64.ActiveCfg = Release|x64
		{8D4DCF18-8FFA-44B3-89BD-0BA8E9672FA7}.Release|x64.Build.0 = Release|x64
		{8D4DCF18-8FFA-44B3-89BD-0BA8E9672FA7}.Release|x86.ActiveCfg = Release|Win32
		{8D4DCF18-8FFA-44B3-89BD-0BA8E9672FA7}.Release|x86.Build.0 = Release|Win32
	EndGlobalSection
	GlobalSection(SolutionProperties) = preSolution
		HideSolutionNode = FALSE
	EndGlobalSection
	GlobalSection(ExtensibilityGlobals) = postSolution
		SolutionGuid = {5D5574E7-B087-47B0-A6E5-7FF9950A040F}
	EndGlobalSection
EndGlobal
